<?xml version="1.0" encoding="utf-8"?>
<Project ToolsVersion="4.0" xmlns="http://schemas.microsoft.com/developer/msbuild/2003">
  <ItemGroup>
    <Filter Include="Source Files">
      <UniqueIdentifier>{4FC737F1-C7A5-4376-A066-2A32D752A2FF}</UniqueIdentifier>
      <Extensions>cpp;c;cc;cxx;def;odl;idl;hpj;bat;asm;asmx</Extensions>
    </Filter>
    <Filter Include="Header Files">
      <UniqueIdentifier>{93995380-89BD-4b04-88EB-625FBE52EBFB}</UniqueIdentifier>
      <Extensions>h;hpp;hxx;hm;inl;inc;xsd</Extensions>
    </Filter>
    <Filter Include="Resource Files">
      <UniqueIdentifier>{67DA6AB6-F800-4c08-8B7A-83BB121AAD01}</UniqueIdentifier>
      <Extensions>rc;ico;cur;bmp;dlg;rc2;rct;bin;rgs;gif;jpg;jpeg;jpe;resx;tiff;tif;png;wav;mfcribbon-ms</Extensions>
    </Filter>
  </ItemGroup>
  <ItemGroup>
    <ClCompile Include="sprites\GameSprite.cpp">
      <Filter>Source Files</Filter>
    </ClCompile>
    <ClCompile Include="input\XGamePad.cpp">
      <Filter>Source Files</Filter>
    </ClCompile>
    <ClCompile Include="sprites\CharacterSprite.cpp">
      <Filter>Source Files</Filter>
    </ClCompile>
    <ClCompile Include="font\GameFonts.cpp">
      <Filter>Source Files</Filter>
    </ClCompile>
    <ClCompile Include="main\DXDrawing.cpp">
      <Filter>Source Files</Filter>
    </ClCompile>
    <ClCompile Include="main\GameModes.cpp">
      <Filter>Source Files</Filter>
    </ClCompile>
    <ClCompile Include="main\WinMain.cpp">
      <Filter>Source Files</Filter>
    </ClCompile>
    <ClCompile Include="sprites\SpriteUtils.cpp">
      <Filter>Source Files</Filter>
    </ClCompile>
    <ClCompile Include="util\TextureHandler.cpp">
      <Filter>Source Files</Filter>
    </ClCompile>
    <ClCompile Include="util\Time.cpp">
      <Filter>Source Files</Filter>
    </ClCompile>
    <ClCompile Include="input\KMInput.cpp">
      <Filter>Source Files</Filter>
    </ClCompile>
    <ClCompile Include="util\XmlIngester.cpp">
      <Filter>Source Files</Filter>
    </ClCompile>
    <ClCompile Include="gui\GameMainManu.cpp">
      <Filter>Source Files</Filter>
    </ClCompile>
    <ClCompile Include="gui\GameWindow.cpp">
      <Filter>Source Files</Filter>
    </ClCompile>
  </ItemGroup>
  <ItemGroup>
    <ClInclude Include="sprites\CharacterSprite.h">
      <Filter>Header Files</Filter>
    </ClInclude>
    <ClInclude Include="sprites\GameSprite.h">
      <Filter>Header Files</Filter>
    </ClInclude>
    <ClInclude Include="sprites\MapSprite.h">
      <Filter>Header Files</Filter>
    </ClInclude>
    <ClInclude Include="input\XGamePad.h">
      <Filter>Header Files</Filter>
    </ClInclude>
    <ClInclude Include="sprites\TileSprite.h">
      <Filter>Header Files</Filter>
    </ClInclude>
    <ClInclude Include="font\GameFonts.h">
      <Filter>Source Files</Filter>
    </ClInclude>
    <ClInclude Include="util\XmlIngester.h">
      <Filter>Header Files</Filter>
    </ClInclude>
    <ClInclude Include="main\DXDrawing.h">
      <Filter>Header Files</Filter>
    </ClInclude>
    <ClInclude Include="main\GameHeaders.h">
      <Filter>Header Files</Filter>
    </ClInclude>
    <ClInclude Include="main\GameModes.h">
      <Filter>Header Files</Filter>
    </ClInclude>
    <ClInclude Include="sprites\SpriteUtils.h">
      <Filter>Header Files</Filter>
    </ClInclude>
    <ClInclude Include="util\TextureHandler.h">
      <Filter>Header Files</Filter>
    </ClInclude>
    <ClInclude Include="util\Time.h">
      <Filter>Header Files</Filter>
    </ClInclude>
    <ClInclude Include="input\KMInput.h">
      <Filter>Header Files</Filter>
    </ClInclude>
    <ClInclude Include="gui\GameWindow.h">
      <Filter>Header Files</Filter>
    </ClInclude>
    <ClInclude Include="gui\GameMainMenu.h">
      <Filter>Header Files</Filter>
    </ClInclude>
  </ItemGroup>
  <ItemGroup>
    <None Include="textures\text_1_64x64.png">
      <Filter>Resource Files</Filter>
    </None>
    <None Include="textures\ball_bounce_512x64.png">
      <Filter>Resource Files</Filter>
    </None>
    <None Include="textures\main_menu_background.png">
      <Filter>Resource Files</Filter>
    </None>
    <None Include="textures\sprite-man-192x192.png">
      <Filter>Resource Files</Filter>
    </None>
    <None Include="textures\large-background-png-1000-800.png">
      <Filter>Resource Files</Filter>
    </None>
  </ItemGroup>
</Project>